<?xml version="1.0" encoding="utf-8"?>
<Project ToolsVersion="4.0" xmlns="http://schemas.microsoft.com/developer/msbuild/2003">
  <ItemGroup>
    <Filter Include="소스 파일">
      <UniqueIdentifier>{4FC737F1-C7A5-4376-A066-2A32D752A2FF}</UniqueIdentifier>
      <Extensions>cpp;c;cc;cxx;c++;cppm;ixx;def;odl;idl;hpj;bat;asm;asmx</Extensions>
    </Filter>
    <Filter Include="헤더 파일">
      <UniqueIdentifier>{93995380-89BD-4b04-88EB-625FBE52EBFB}</UniqueIdentifier>
      <Extensions>h;hh;hpp;hxx;h++;hm;inl;inc;ipp;xsd</Extensions>
    </Filter>
    <Filter Include="리소스 파일">
      <UniqueIdentifier>{67DA6AB6-F800-4c08-8B7A-83BB121AAD01}</UniqueIdentifier>
      <Extensions>rc;ico;cur;bmp;dlg;rc2;rct;bin;rgs;gif;jpg;jpeg;jpe;resx;tiff;tif;png;wav;mfcribbon-ms</Extensions>
    </Filter>
    <Filter Include="소스 파일\3.2 Mat 클래스">
      <UniqueIdentifier>{a5a92c71-91bd-41bc-8633-b2c3bdde4b41}</UniqueIdentifier>
    </Filter>
    <Filter Include="소스 파일\3.2.6">
      <UniqueIdentifier>{b982aa3a-b874-4e14-870e-342532045ece}</UniqueIdentifier>
    </Filter>
    <Filter Include="소스 파일\3.2.5">
      <UniqueIdentifier>{05e23cfa-c320-46c6-96b0-69c83fa990d3}</UniqueIdentifier>
    </Filter>
    <Filter Include="소스 파일\3.4">
      <UniqueIdentifier>{4dad498f-121f-4181-ae77-6d463ea8bdc5}</UniqueIdentifier>
    </Filter>
  </ItemGroup>
  <ItemGroup>
    <ClInclude Include="framework.h">
      <Filter>헤더 파일</Filter>
    </ClInclude>
    <ClInclude Include="targetver.h">
      <Filter>헤더 파일</Filter>
    </ClInclude>
    <ClInclude Include="Resource.h">
      <Filter>헤더 파일</Filter>
    </ClInclude>
    <ClInclude Include="Chap03.h">
      <Filter>헤더 파일</Filter>
    </ClInclude>
  </ItemGroup>
  <ItemGroup>
    <ClCompile Include="Chap03.cpp">
      <Filter>소스 파일</Filter>
    </ClCompile>
    <ClCompile Include="Point_ 클래스.cpp">
      <Filter>소스 파일</Filter>
    </ClCompile>
    <ClCompile Include="Size_ 클래스.cpp">
      <Filter>소스 파일</Filter>
    </ClCompile>
    <ClCompile Include="Rect_ 클래스.cpp">
      <Filter>소스 파일</Filter>
    </ClCompile>
    <ClCompile Include="RotatedRect 클래스.cpp">
      <Filter>소스 파일</Filter>
    </ClCompile>
    <ClCompile Include="Range 클래스.cpp">
      <Filter>소스 파일</Filter>
    </ClCompile>
    <ClCompile Include="Mat 클래스.cpp">
      <Filter>소스 파일\3.2 Mat 클래스</Filter>
    </ClCompile>
    <ClCompile Include="Mat_at 함수.cpp">
      <Filter>소스 파일\3.2.5</Filter>
    </ClCompile>
    <ClCompile Include="Mat_ptr 함수.cpp">
      <Filter>소스 파일\3.2.5</Filter>
    </ClCompile>
    <ClCompile Include="코드 3-10.cpp">
      <Filter>소스 파일\3.2.5</Filter>
    </ClCompile>
    <ClCompile Include="영상 크기.cpp">
      <Filter>소스 파일\3.2.6</Filter>
    </ClCompile>
    <ClCompile Include="코드 3-11.cpp">
      <Filter>소스 파일\3.2.6</Filter>
    </ClCompile>
    <ClCompile Include="코드 3-12.cpp">
      <Filter>소스 파일\3.2.6</Filter>
    </ClCompile>
    <ClCompile Include="코드 3-13.cpp">
      <Filter>소스 파일\3.2.6</Filter>
    </ClCompile>
    <ClCompile Include="코드 3-17.cpp">
      <Filter>소스 파일\3.4</Filter>
    </ClCompile>
  </ItemGroup>
  <ItemGroup>
    <ResourceCompile Include="Chap03.rc">
      <Filter>리소스 파일</Filter>
    </ResourceCompile>
  </ItemGroup>
  <ItemGroup>
    <Image Include="small.ico">
      <Filter>리소스 파일</Filter>
    </Image>
    <Image Include="Chap03.ico">
      <Filter>리소스 파일</Filter>
    </Image>
  </ItemGroup>
</Project>